Microsoft Visual Studio Solution File, Format Version 12.00
# Visual Studio 2012
Project("{FAE04EC0-301F-11D3-BF4B-00C04F79EFBC}") = "Sierra Verde", "Sierra Verde.csproj", "{F2880A79-6F5B-422F-A531-4A05694E6566}"
EndProject
Global
	GlobalSection(SolutionConfigurationPlatforms) = preSolution
	Debug|Any CPU = Debug|Any CPU
	ExportDebug|Any CPU = ExportDebug|Any CPU
	ExportRelease|Any CPU = ExportRelease|Any CPU
	EndGlobalSection
	GlobalSection(ProjectConfigurationPlatforms) = postSolution
		{F2880A79-6F5B-422F-A531-4A05694E6566}.Debug|Any CPU.ActiveCfg = Debug|Any CPU
		{F2880A79-6F5B-422F-A531-4A05694E6566}.Debug|Any CPU.Build.0 = Debug|Any CPU
		{F2880A79-6F5B-422F-A531-4A05694E6566}.ExportDebug|Any CPU.ActiveCfg = ExportDebug|Any CPU
		{F2880A79-6F5B-422F-A531-4A05694E6566}.ExportDebug|Any CPU.Build.0 = ExportDebug|Any CPU
		{F2880A79-6F5B-422F-A531-4A05694E6566}.ExportRelease|Any CPU.ActiveCfg = ExportRelease|Any CPU
		{F2880A79-6F5B-422F-A531-4A05694E6566}.ExportRelease|Any CPU.Build.0 = ExportRelease|Any CPU
	EndGlobalSection
EndGlobal
